
Microsoft Visual Studio Solution File, Format Version 12.00
# Visual Studio Version 17
VisualStudioVersion = 17.0.31903.59
MinimumVisualStudioVersion = 10.0.40219.1
Project("{2150E333-8FDC-42A3-9474-1A3956D46DE8}") = "src", "src", "{1A5CD8BC-9EF4-438F-B2A0-A388F91FDDEA}"
EndProject
Project("{FAE04EC0-301F-11D3-BF4B-00C04F79EFBC}") = "SimpleAPI", "src\SimpleAPI\SimpleAPI.csproj", "{463FFA88-2C36-415E-BDC3-57B027ACCA2A}"
EndProject
Project("{2150E333-8FDC-42A3-9474-1A3956D46DE8}") = "test", "test", "{1F0B165A-7A6E-4EFC-9C1B-AF794679A250}"
EndProject
Project("{FAE04EC0-301F-11D3-BF4B-00C04F79EFBC}") = "SimpleAPI.Tests", "test\SimpleAPI.Tests\SimpleAPI.Tests.csproj", "{5A4459BB-9590-4F92-A912-BF9960FDFE57}"
EndProject
Global
	GlobalSection(SolutionConfigurationPlatforms) = preSolution
		Debug|Any CPU = Debug|Any CPU
		Release|Any CPU = Release|Any CPU
	EndGlobalSection
	GlobalSection(SolutionProperties) = preSolution
		HideSolutionNode = FALSE
	EndGlobalSection
	GlobalSection(ProjectConfigurationPlatforms) = postSolution
		{463FFA88-2C36-415E-BDC3-57B027ACCA2A}.Debug|Any CPU.ActiveCfg = Debug|Any CPU
		{463FFA88-2C36-415E-BDC3-57B027ACCA2A}.Debug|Any CPU.Build.0 = Debug|Any CPU
		{463FFA88-2C36-415E-BDC3-57B027ACCA2A}.Release|Any CPU.ActiveCfg = Release|Any CPU
		{463FFA88-2C36-415E-BDC3-57B027ACCA2A}.Release|Any CPU.Build.0 = Release|Any CPU
		{5A4459BB-9590-4F92-A912-BF9960FDFE57}.Debug|Any CPU.ActiveCfg = Debug|Any CPU
		{5A4459BB-9590-4F92-A912-BF9960FDFE57}.Debug|Any CPU.Build.0 = Debug|Any CPU
		{5A4459BB-9590-4F92-A912-BF9960FDFE57}.Release|Any CPU.ActiveCfg = Release|Any CPU
		{5A4459BB-9590-4F92-A912-BF9960FDFE57}.Release|Any CPU.Build.0 = Release|Any CPU
	EndGlobalSection
	GlobalSection(NestedProjects) = preSolution
		{463FFA88-2C36-415E-BDC3-57B027ACCA2A} = {1A5CD8BC-9EF4-438F-B2A0-A388F91FDDEA}
		{5A4459BB-9590-4F92-A912-BF9960FDFE57} = {1F0B165A-7A6E-4EFC-9C1B-AF794679A250}
	EndGlobalSection
EndGlobal
